
Microsoft Visual Studio Solution File, Format Version 12.00
# Visual Studio Version 16
VisualStudioVersion = 16.0.30523.141
MinimumVisualStudioVersion = 10.0.40219.1
Project("{9A19103F-16F7-4668-BE54-9A1E7A4F7556}") = "InterparkingTestWebApp", "InterparkingTestWebApp\InterparkingTestWebApp.csproj", "{749107B9-D3DF-4145-ABAA-65499215EB77}"
EndProject
Project("{9A19103F-16F7-4668-BE54-9A1E7A4F7556}") = "InterparkingTest.Application", "InterparkingTest.Application\InterparkingTest.Application.csproj", "{D79E4267-3C89-48C5-A7D3-2397180CE9CC}"
EndProject
Project("{9A19103F-16F7-4668-BE54-9A1E7A4F7556}") = "InterparkingTest.Application.Tests", "InterparkingTest.Application.Tests\InterparkingTest.Application.Tests.csproj", "{851F4ED7-6087-4306-995D-9C63F2FEFE03}"
EndProject
Project("{2150E333-8FDC-42A3-9474-1A3956D46DE8}") = "Solution Items", "Solution Items", "{387D1ACD-3D99-4E47-89BD-24E787202C8A}"
	ProjectSection(SolutionItems) = preProject
		README.md = README.md
		tests.runsettings = tests.runsettings
	EndProjectSection
EndProject
Global
	GlobalSection(SolutionConfigurationPlatforms) = preSolution
		Debug|Any CPU = Debug|Any CPU
		Release|Any CPU = Release|Any CPU
	EndGlobalSection
	GlobalSection(ProjectConfigurationPlatforms) = postSolution
		{749107B9-D3DF-4145-ABAA-65499215EB77}.Debug|Any CPU.ActiveCfg = Debug|Any CPU
		{749107B9-D3DF-4145-ABAA-65499215EB77}.Debug|Any CPU.Build.0 = Debug|Any CPU
		{749107B9-D3DF-4145-ABAA-65499215EB77}.Release|Any CPU.ActiveCfg = Release|Any CPU
		{749107B9-D3DF-4145-ABAA-65499215EB77}.Release|Any CPU.Build.0 = Release|Any CPU
		{D79E4267-3C89-48C5-A7D3-2397180CE9CC}.Debug|Any CPU.ActiveCfg = Debug|Any CPU
		{D79E4267-3C89-48C5-A7D3-2397180CE9CC}.Debug|Any CPU.Build.0 = Debug|Any CPU
		{D79E4267-3C89-48C5-A7D3-2397180CE9CC}.Release|Any CPU.ActiveCfg = Release|Any CPU
		{D79E4267-3C89-48C5-A7D3-2397180CE9CC}.Release|Any CPU.Build.0 = Release|Any CPU
		{851F4ED7-6087-4306-995D-9C63F2FEFE03}.Debug|Any CPU.ActiveCfg = Debug|Any CPU
		{851F4ED7-6087-4306-995D-9C63F2FEFE03}.Debug|Any CPU.Build.0 = Debug|Any CPU
		{851F4ED7-6087-4306-995D-9C63F2FEFE03}.Release|Any CPU.ActiveCfg = Release|Any CPU
		{851F4ED7-6087-4306-995D-9C63F2FEFE03}.Release|Any CPU.Build.0 = Release|Any CPU
	EndGlobalSection
	GlobalSection(SolutionProperties) = preSolution
		HideSolutionNode = FALSE
	EndGlobalSection
	GlobalSection(ExtensibilityGlobals) = postSolution
		SolutionGuid = {DF2EE1FA-0422-4FE2-B8FD-2CF7919C84B0}
	EndGlobalSection
EndGlobal
